
Microsoft Visual Studio Solution File, Format Version 12.00
# Visual Studio Version 16
VisualStudioVersion = 16.0.30406.217
MinimumVisualStudioVersion = 10.0.40219.1
Project("{FAE04EC0-301F-11D3-BF4B-00C04F79EFBC}") = "MBNSystem", "MBNSystem\MBNSystem.csproj", "{70E94811-E9C2-4FF7-9A0E-F63C0892DBD7}"
EndProject
Global
	GlobalSection(SolutionConfigurationPlatforms) = preSolution
		Debug|Any CPU = Debug|Any CPU
		Release|Any CPU = Release|Any CPU
	EndGlobalSection
	GlobalSection(ProjectConfigurationPlatforms) = postSolution
		{70E94811-E9C2-4FF7-9A0E-F63C0892DBD7}.Debug|Any CPU.ActiveCfg = Debug|Any CPU
		{70E94811-E9C2-4FF7-9A0E-F63C0892DBD7}.Debug|Any CPU.Build.0 = Debug|Any CPU
		{70E94811-E9C2-4FF7-9A0E-F63C0892DBD7}.Release|Any CPU.ActiveCfg = Release|Any CPU
		{70E94811-E9C2-4FF7-9A0E-F63C0892DBD7}.Release|Any CPU.Build.0 = Release|Any CPU
	EndGlobalSection
	GlobalSection(SolutionProperties) = preSolution
		HideSolutionNode = FALSE
	EndGlobalSection
	GlobalSection(ExtensibilityGlobals) = postSolution
		SolutionGuid = {76B4F54F-1B9B-4576-9561-AFA01BA4D7BD}
	EndGlobalSection
EndGlobal
